
Microsoft Visual Studio Solution File, Format Version 12.00
# Visual Studio Version 16
VisualStudioVersion = 16.0.31205.134
MinimumVisualStudioVersion = 10.0.40219.1
Project("{FAE04EC0-301F-11D3-BF4B-00C04F79EFBC}") = "PaginaWS", "PaginaWS\PaginaWS.csproj", "{7FAAD2B9-7D2F-06BA-2C50-D6909B197777}"
EndProject
Global
	GlobalSection(SolutionConfigurationPlatforms) = preSolution
		Debug|Any CPU = Debug|Any CPU
		Release|Any CPU = Release|Any CPU
	EndGlobalSection
	GlobalSection(ProjectConfigurationPlatforms) = postSolution
		{7FAAD2B9-7D2F-06BA-2C50-D6909B197777}.Debug|Any CPU.ActiveCfg = Debug|Any CPU
		{7FAAD2B9-7D2F-06BA-2C50-D6909B197777}.Debug|Any CPU.Build.0 = Debug|Any CPU
		{7FAAD2B9-7D2F-06BA-2C50-D6909B197777}.Release|Any CPU.ActiveCfg = Release|Any CPU
		{7FAAD2B9-7D2F-06BA-2C50-D6909B197777}.Release|Any CPU.Build.0 = Release|Any CPU
	EndGlobalSection
	GlobalSection(SolutionProperties) = preSolution
		HideSolutionNode = FALSE
	EndGlobalSection
	GlobalSection(ExtensibilityGlobals) = postSolution
		SolutionGuid = {65B89BB8-9D2E-4BA4-9705-2595246FE88B}
	EndGlobalSection
EndGlobal
